
Microsoft Visual Studio Solution File, Format Version 12.00
# Visual Studio 15
VisualStudioVersion = 15.0.26124.0
MinimumVisualStudioVersion = 15.0.26124.0
Project("{2150E333-8FDC-42A3-9474-1A3956D46DE8}") = "src", "src", "{461C4BC2-AAFA-41D1-B508-46D26912A31E}"
EndProject
Project("{FAE04EC0-301F-11D3-BF4B-00C04F79EFBC}") = "In.ProjectEKA.HipService", "src\In.ProjectEKA.HipService\In.ProjectEKA.HipService.csproj", "{3D613EA0-0D56-4B53-89B4-F1035A3934B4}"
EndProject
Project("{FAE04EC0-301F-11D3-BF4B-00C04F79EFBC}") = "In.ProjectEKA.TMHHip", "src\In.ProjectEKA.TMHHip\In.ProjectEKA.TMHHip.csproj", "{AC690A7E-7F4B-4D30-B32C-1C1C338E6758}"
EndProject
Project("{FAE04EC0-301F-11D3-BF4B-00C04F79EFBC}") = "In.ProjectEKA.HipLibrary", "src\In.ProjectEKA.HipLibrary\In.ProjectEKA.HipLibrary.csproj", "{7B3816DD-1B05-4249-91BA-47F40EF8BF78}"
EndProject
Global
	GlobalSection(SolutionConfigurationPlatforms) = preSolution
		Debug|Any CPU = Debug|Any CPU
		Debug|x64 = Debug|x64
		Debug|x86 = Debug|x86
		Release|Any CPU = Release|Any CPU
		Release|x64 = Release|x64
		Release|x86 = Release|x86
	EndGlobalSection
	GlobalSection(SolutionProperties) = preSolution
		HideSolutionNode = FALSE
	EndGlobalSection
	GlobalSection(ProjectConfigurationPlatforms) = postSolution
		{3D613EA0-0D56-4B53-89B4-F1035A3934B4}.Debug|Any CPU.ActiveCfg = Debug|Any CPU
		{3D613EA0-0D56-4B53-89B4-F1035A3934B4}.Debug|Any CPU.Build.0 = Debug|Any CPU
		{3D613EA0-0D56-4B53-89B4-F1035A3934B4}.Debug|x64.ActiveCfg = Debug|Any CPU
		{3D613EA0-0D56-4B53-89B4-F1035A3934B4}.Debug|x64.Build.0 = Debug|Any CPU
		{3D613EA0-0D56-4B53-89B4-F1035A3934B4}.Debug|x86.ActiveCfg = Debug|Any CPU
		{3D613EA0-0D56-4B53-89B4-F1035A3934B4}.Debug|x86.Build.0 = Debug|Any CPU
		{3D613EA0-0D56-4B53-89B4-F1035A3934B4}.Release|Any CPU.ActiveCfg = Release|Any CPU
		{3D613EA0-0D56-4B53-89B4-F1035A3934B4}.Release|Any CPU.Build.0 = Release|Any CPU
		{3D613EA0-0D56-4B53-89B4-F1035A3934B4}.Release|x64.ActiveCfg = Release|Any CPU
		{3D613EA0-0D56-4B53-89B4-F1035A3934B4}.Release|x64.Build.0 = Release|Any CPU
		{3D613EA0-0D56-4B53-89B4-F1035A3934B4}.Release|x86.ActiveCfg = Release|Any CPU
		{3D613EA0-0D56-4B53-89B4-F1035A3934B4}.Release|x86.Build.0 = Release|Any CPU
		{7B3816DD-1B05-4249-91BA-47F40EF8BF78}.Debug|Any CPU.ActiveCfg = Debug|Any CPU
		{7B3816DD-1B05-4249-91BA-47F40EF8BF78}.Debug|Any CPU.Build.0 = Debug|Any CPU
		{7B3816DD-1B05-4249-91BA-47F40EF8BF78}.Debug|x64.ActiveCfg = Debug|Any CPU
		{7B3816DD-1B05-4249-91BA-47F40EF8BF78}.Debug|x64.Build.0 = Debug|Any CPU
		{7B3816DD-1B05-4249-91BA-47F40EF8BF78}.Debug|x86.ActiveCfg = Debug|Any CPU
		{7B3816DD-1B05-4249-91BA-47F40EF8BF78}.Debug|x86.Build.0 = Debug|Any CPU
		{7B3816DD-1B05-4249-91BA-47F40EF8BF78}.Release|Any CPU.ActiveCfg = Release|Any CPU
		{7B3816DD-1B05-4249-91BA-47F40EF8BF78}.Release|Any CPU.Build.0 = Release|Any CPU
		{7B3816DD-1B05-4249-91BA-47F40EF8BF78}.Release|x64.ActiveCfg = Release|Any CPU
		{7B3816DD-1B05-4249-91BA-47F40EF8BF78}.Release|x64.Build.0 = Release|Any CPU
		{7B3816DD-1B05-4249-91BA-47F40EF8BF78}.Release|x86.ActiveCfg = Release|Any CPU
		{7B3816DD-1B05-4249-91BA-47F40EF8BF78}.Release|x86.Build.0 = Release|Any CPU
		{AC690A7E-7F4B-4D30-B32C-1C1C338E6758}.Debug|Any CPU.ActiveCfg = Debug|Any CPU
		{AC690A7E-7F4B-4D30-B32C-1C1C338E6758}.Debug|Any CPU.Build.0 = Debug|Any CPU
	EndGlobalSection
	GlobalSection(NestedProjects) = preSolution
		{3D613EA0-0D56-4B53-89B4-F1035A3934B4} = {461C4BC2-AAFA-41D1-B508-46D26912A31E}
		{288B99D5-3659-41A3-8098-6A645CE3CEF6} = {461C4BC2-AAFA-41D1-B508-46D26912A31E}
		{7B3816DD-1B05-4249-91BA-47F40EF8BF78} = {461C4BC2-AAFA-41D1-B508-46D26912A31E}
		{AC690A7E-7F4B-4D30-B32C-1C1C338E6758}.Debug|Any CPU.ActiveCfg = Debug|Any CPU
		{AC690A7E-7F4B-4D30-B32C-1C1C338E6758}.Debug|Any CPU.Build.0 = Debug|Any CPU
		{AC690A7E-7F4B-4D30-B32C-1C1C338E6758}.Debug|x64.ActiveCfg = Debug|Any CPU
		{AC690A7E-7F4B-4D30-B32C-1C1C338E6758}.Debug|x64.Build.0 = Debug|Any CPU
		{AC690A7E-7F4B-4D30-B32C-1C1C338E6758}.Debug|x86.ActiveCfg = Debug|Any CPU
		{AC690A7E-7F4B-4D30-B32C-1C1C338E6758}.Debug|x86.Build.0 = Debug|Any CPU
		{AC690A7E-7F4B-4D30-B32C-1C1C338E6758}.Release|Any CPU.ActiveCfg = Release|Any CPU
		{AC690A7E-7F4B-4D30-B32C-1C1C338E6758}.Release|Any CPU.Build.0 = Release|Any CPU
		{AC690A7E-7F4B-4D30-B32C-1C1C338E6758}.Release|x64.ActiveCfg = Release|Any CPU
		{AC690A7E-7F4B-4D30-B32C-1C1C338E6758}.Release|x64.Build.0 = Release|Any CPU
		{AC690A7E-7F4B-4D30-B32C-1C1C338E6758}.Release|x86.ActiveCfg = Release|Any CPU
		{AC690A7E-7F4B-4D30-B32C-1C1C338E6758}.Release|x86.Build.0 = Release|Any CPU
	EndGlobalSection
	GlobalSection(NestedProjects) = preSolution
		{3D613EA0-0D56-4B53-89B4-F1035A3934B4} = {461C4BC2-AAFA-41D1-B508-46D26912A31E}
		{AC690A7E-7F4B-4D30-B32C-1C1C338E6758} = {461C4BC2-AAFA-41D1-B508-46D26912A31E}
	EndGlobalSection
EndGlobal
